
Microsoft Visual Studio Solution File, Format Version 12.00
# Visual Studio Version 16
VisualStudioVersion = 16.0.28922.388
MinimumVisualStudioVersion = 10.0.40219.1
Project("{FAE04EC0-301F-11D3-BF4B-00C04F79EFBC}") = "APIaspConnection", "APIaspConnection.csproj", "{B85A0F06-D4D4-496D-841A-B7F543A06492}"
EndProject
Global
	GlobalSection(SolutionConfigurationPlatforms) = preSolution
		Debug|Any CPU = Debug|Any CPU
		Release|Any CPU = Release|Any CPU
	EndGlobalSection
	GlobalSection(ProjectConfigurationPlatforms) = postSolution
		{B85A0F06-D4D4-496D-841A-B7F543A06492}.Debug|Any CPU.ActiveCfg = Debug|Any CPU
		{B85A0F06-D4D4-496D-841A-B7F543A06492}.Debug|Any CPU.Build.0 = Debug|Any CPU
		{B85A0F06-D4D4-496D-841A-B7F543A06492}.Release|Any CPU.ActiveCfg = Release|Any CPU
		{B85A0F06-D4D4-496D-841A-B7F543A06492}.Release|Any CPU.Build.0 = Release|Any CPU
	EndGlobalSection
	GlobalSection(SolutionProperties) = preSolution
		HideSolutionNode = FALSE
	EndGlobalSection
	GlobalSection(ExtensibilityGlobals) = postSolution
		SolutionGuid = {105DF770-30E7-4373-B664-A50B55DBC7BA}
	EndGlobalSection
EndGlobal
